
Microsoft Visual Studio Solution File, Format Version 12.00
# Visual Studio 14
VisualStudioVersion = 14.0.25420.1
MinimumVisualStudioVersion = 10.0.40219.1
Project("{8BC9CEB8-8B4A-11D0-8D11-00A0C91BC942}") = "cgame", "cgame.vcxproj", "{A981B743-DF98-4346-AA89-5DECB39C165D}"
EndProject
Project("{8BC9CEB8-8B4A-11D0-8D11-00A0C91BC942}") = "game", "game.vcxproj", "{99EE8E3F-250E-4082-A92E-C7BC6202FDFE}"
EndProject
Project("{8BC9CEB8-8B4A-11D0-8D11-00A0C91BC942}") = "wolf", "wolf.vcxproj", "{47CCBCAD-2A5C-4A70-8504-371F2EC29CBE}"
EndProject
Project("{8BC9CEB8-8B4A-11D0-8D11-00A0C91BC942}") = "botlib", "botlib.vcxproj", "{86691FDD-E0C6-4D71-9FFD-E0F30F19AA3E}"
EndProject
Project("{8BC9CEB8-8B4A-11D0-8D11-00A0C91BC942}") = "bspc", "bspc.vcxproj", "{08B9126F-88DD-42F7-9CFE-C92517317189}"
EndProject
Project("{8BC9CEB8-8B4A-11D0-8D11-00A0C91BC942}") = "ui", "ui.vcxproj", "{9FC6663B-403B-4429-90C3-4CE12E5D0619}"
EndProject
Project("{8BC9CEB8-8B4A-11D0-8D11-00A0C91BC942}") = "extractfuncs", "extractfuncs.vcxproj", "{0FC559FD-6DCD-4A81-B286-688F79286AEF}"
EndProject
Project("{8BC9CEB8-8B4A-11D0-8D11-00A0C91BC942}") = "Splines", "Splines.vcxproj", "{AA96579B-0F16-4614-8453-0B03C8B39A46}"
EndProject
Project("{8BC9CEB8-8B4A-11D0-8D11-00A0C91BC942}") = "renderer", "renderer.vcxproj", "{F45A4F73-0EA1-4EB2-9829-154964ADEC6A}"
EndProject
Project("{8BC9CEB8-8B4A-11D0-8D11-00A0C91BC942}") = "motioncontrollers", "motioncontrollers.vcxproj", "{E53950CE-D36C-4CE7-A674-92070E9DE94C}"
EndProject
Project("{2150E333-8FDC-42A3-9474-1A3956D46DE8}") = "Android Project", "Android Project", "{5D53FAEC-3136-4A56-91BA-9F6787B40AA0}"
EndProject
Project("{2150E333-8FDC-42A3-9474-1A3956D46DE8}") = "Engine", "Engine", "{CF2A9E2A-2AF8-48C5-9F6C-A1BAAE4E8DAE}"
EndProject
Project("{8BC9CEB8-8B4A-11D0-8D11-00A0C91BC942}") = "OWENative", "..\..\..\OWE\OWENative.vcxproj", "{6B61A43D-5CE1-4B11-91AD-90C958C15758}"
EndProject
Project("{39E2626F-3545-4960-A6E8-258AD8476CE5}") = "OWEPackaging", "..\..\..\OWE\OWEPackaging.androidproj", "{52AA6CA6-9A97-4085-B05D-6F92B384179F}"
EndProject
Project("{2150E333-8FDC-42A3-9474-1A3956D46DE8}") = "Documents", "Documents", "{5D78721E-727B-47BB-986C-2BCBAA03D8BD}"
	ProjectSection(SolutionItems) = preProject
		..\..\..\docs\changelog.txt = ..\..\..\docs\changelog.txt
	EndProjectSection
EndProject
Project("{2150E333-8FDC-42A3-9474-1A3956D46DE8}") = "Tools", "Tools", "{CA118403-A2F4-4B8A-828F-BF3F66737B7B}"
EndProject
Project("{8BC9CEB8-8B4A-11D0-8D11-00A0C91BC942}") = "md4builder", "..\..\..\tools\md4builder\md4builder.vcxproj", "{3F691A21-3CD2-40DC-92CB-37384D8D82BC}"
EndProject
Project("{2150E333-8FDC-42A3-9474-1A3956D46DE8}") = "GameLogics", "GameLogics", "{B0459525-4623-432F-9010-354B63560A36}"
EndProject
Project("{2150E333-8FDC-42A3-9474-1A3956D46DE8}") = "RTCW", "RTCW", "{361955C7-BD8C-4573-B76A-D1A0FA7EDE45}"
EndProject
Project("{8BC9CEB8-8B4A-11D0-8D11-00A0C91BC942}") = "mdvExport", "..\..\..\tools\mdvexport\mdvexport.vcxproj", "{1DCD56F8-B0EE-42C5-9DAF-FA4A590020CA}"
EndProject
Global
	GlobalSection(SolutionConfigurationPlatforms) = preSolution
		Debug|ARM = Debug|ARM
		Debug|Win32 = Debug|Win32
		Release|ARM = Release|ARM
		Release|Win32 = Release|Win32
	EndGlobalSection
	GlobalSection(ProjectConfigurationPlatforms) = postSolution
		{A981B743-DF98-4346-AA89-5DECB39C165D}.Debug|ARM.ActiveCfg = Debug|Win32
		{A981B743-DF98-4346-AA89-5DECB39C165D}.Debug|Win32.ActiveCfg = Debug|Win32
		{A981B743-DF98-4346-AA89-5DECB39C165D}.Debug|Win32.Build.0 = Debug|Win32
		{A981B743-DF98-4346-AA89-5DECB39C165D}.Release|ARM.ActiveCfg = Release|Win32
		{A981B743-DF98-4346-AA89-5DECB39C165D}.Release|Win32.ActiveCfg = Release|Win32
		{A981B743-DF98-4346-AA89-5DECB39C165D}.Release|Win32.Build.0 = Release|Win32
		{99EE8E3F-250E-4082-A92E-C7BC6202FDFE}.Debug|ARM.ActiveCfg = Debug|Win32
		{99EE8E3F-250E-4082-A92E-C7BC6202FDFE}.Debug|Win32.ActiveCfg = Debug|Win32
		{99EE8E3F-250E-4082-A92E-C7BC6202FDFE}.Debug|Win32.Build.0 = Debug|Win32
		{99EE8E3F-250E-4082-A92E-C7BC6202FDFE}.Release|ARM.ActiveCfg = Release|Win32
		{99EE8E3F-250E-4082-A92E-C7BC6202FDFE}.Release|Win32.ActiveCfg = Release|Win32
		{99EE8E3F-250E-4082-A92E-C7BC6202FDFE}.Release|Win32.Build.0 = Release|Win32
		{47CCBCAD-2A5C-4A70-8504-371F2EC29CBE}.Debug|ARM.ActiveCfg = Debug|Win32
		{47CCBCAD-2A5C-4A70-8504-371F2EC29CBE}.Debug|Win32.ActiveCfg = Debug|Win32
		{47CCBCAD-2A5C-4A70-8504-371F2EC29CBE}.Debug|Win32.Build.0 = Debug|Win32
		{47CCBCAD-2A5C-4A70-8504-371F2EC29CBE}.Release|ARM.ActiveCfg = Release|Win32
		{47CCBCAD-2A5C-4A70-8504-371F2EC29CBE}.Release|Win32.ActiveCfg = Release|Win32
		{47CCBCAD-2A5C-4A70-8504-371F2EC29CBE}.Release|Win32.Build.0 = Release|Win32
		{86691FDD-E0C6-4D71-9FFD-E0F30F19AA3E}.Debug|ARM.ActiveCfg = Debug|Win32
		{86691FDD-E0C6-4D71-9FFD-E0F30F19AA3E}.Debug|Win32.ActiveCfg = Debug|Win32
		{86691FDD-E0C6-4D71-9FFD-E0F30F19AA3E}.Debug|Win32.Build.0 = Debug|Win32
		{86691FDD-E0C6-4D71-9FFD-E0F30F19AA3E}.Release|ARM.ActiveCfg = Release|Win32
		{86691FDD-E0C6-4D71-9FFD-E0F30F19AA3E}.Release|Win32.ActiveCfg = Release|Win32
		{86691FDD-E0C6-4D71-9FFD-E0F30F19AA3E}.Release|Win32.Build.0 = Release|Win32
		{08B9126F-88DD-42F7-9CFE-C92517317189}.Debug|ARM.ActiveCfg = Debug|Win32
		{08B9126F-88DD-42F7-9CFE-C92517317189}.Debug|Win32.ActiveCfg = Debug|Win32
		{08B9126F-88DD-42F7-9CFE-C92517317189}.Debug|Win32.Build.0 = Debug|Win32
		{08B9126F-88DD-42F7-9CFE-C92517317189}.Release|ARM.ActiveCfg = Release|Win32
		{08B9126F-88DD-42F7-9CFE-C92517317189}.Release|Win32.ActiveCfg = Release|Win32
		{08B9126F-88DD-42F7-9CFE-C92517317189}.Release|Win32.Build.0 = Release|Win32
		{9FC6663B-403B-4429-90C3-4CE12E5D0619}.Debug|ARM.ActiveCfg = Debug|Win32
		{9FC6663B-403B-4429-90C3-4CE12E5D0619}.Debug|Win32.ActiveCfg = Debug|Win32
		{9FC6663B-403B-4429-90C3-4CE12E5D0619}.Debug|Win32.Build.0 = Debug|Win32
		{9FC6663B-403B-4429-90C3-4CE12E5D0619}.Release|ARM.ActiveCfg = Release|Win32
		{9FC6663B-403B-4429-90C3-4CE12E5D0619}.Release|Win32.ActiveCfg = Release|Win32
		{9FC6663B-403B-4429-90C3-4CE12E5D0619}.Release|Win32.Build.0 = Release|Win32
		{0FC559FD-6DCD-4A81-B286-688F79286AEF}.Debug|ARM.ActiveCfg = Debug|Win32
		{0FC559FD-6DCD-4A81-B286-688F79286AEF}.Debug|Win32.ActiveCfg = Debug|Win32
		{0FC559FD-6DCD-4A81-B286-688F79286AEF}.Debug|Win32.Build.0 = Debug|Win32
		{0FC559FD-6DCD-4A81-B286-688F79286AEF}.Release|ARM.ActiveCfg = Release|Win32
		{0FC559FD-6DCD-4A81-B286-688F79286AEF}.Release|Win32.ActiveCfg = Release|Win32
		{0FC559FD-6DCD-4A81-B286-688F79286AEF}.Release|Win32.Build.0 = Release|Win32
		{AA96579B-0F16-4614-8453-0B03C8B39A46}.Debug|ARM.ActiveCfg = Debug|Win32
		{AA96579B-0F16-4614-8453-0B03C8B39A46}.Debug|Win32.ActiveCfg = Debug|Win32
		{AA96579B-0F16-4614-8453-0B03C8B39A46}.Debug|Win32.Build.0 = Debug|Win32
		{AA96579B-0F16-4614-8453-0B03C8B39A46}.Release|ARM.ActiveCfg = Release|Win32
		{AA96579B-0F16-4614-8453-0B03C8B39A46}.Release|Win32.ActiveCfg = Release|Win32
		{AA96579B-0F16-4614-8453-0B03C8B39A46}.Release|Win32.Build.0 = Release|Win32
		{F45A4F73-0EA1-4EB2-9829-154964ADEC6A}.Debug|ARM.ActiveCfg = Debug|Win32
		{F45A4F73-0EA1-4EB2-9829-154964ADEC6A}.Debug|Win32.ActiveCfg = Debug|Win32
		{F45A4F73-0EA1-4EB2-9829-154964ADEC6A}.Debug|Win32.Build.0 = Debug|Win32
		{F45A4F73-0EA1-4EB2-9829-154964ADEC6A}.Release|ARM.ActiveCfg = Release|Win32
		{F45A4F73-0EA1-4EB2-9829-154964ADEC6A}.Release|Win32.ActiveCfg = Release|Win32
		{F45A4F73-0EA1-4EB2-9829-154964ADEC6A}.Release|Win32.Build.0 = Release|Win32
		{E53950CE-D36C-4CE7-A674-92070E9DE94C}.Debug|ARM.ActiveCfg = Debug|Win32
		{E53950CE-D36C-4CE7-A674-92070E9DE94C}.Debug|Win32.ActiveCfg = Debug|Win32
		{E53950CE-D36C-4CE7-A674-92070E9DE94C}.Debug|Win32.Build.0 = Debug|Win32
		{E53950CE-D36C-4CE7-A674-92070E9DE94C}.Release|ARM.ActiveCfg = Release|Win32
		{E53950CE-D36C-4CE7-A674-92070E9DE94C}.Release|Win32.ActiveCfg = Release|Win32
		{E53950CE-D36C-4CE7-A674-92070E9DE94C}.Release|Win32.Build.0 = Release|Win32
		{6B61A43D-5CE1-4B11-91AD-90C958C15758}.Debug|ARM.ActiveCfg = Debug|ARM
		{6B61A43D-5CE1-4B11-91AD-90C958C15758}.Debug|ARM.Build.0 = Debug|ARM
		{6B61A43D-5CE1-4B11-91AD-90C958C15758}.Debug|Win32.ActiveCfg = Debug|x86
		{6B61A43D-5CE1-4B11-91AD-90C958C15758}.Debug|Win32.Build.0 = Debug|x86
		{6B61A43D-5CE1-4B11-91AD-90C958C15758}.Release|ARM.ActiveCfg = Release|ARM
		{6B61A43D-5CE1-4B11-91AD-90C958C15758}.Release|ARM.Build.0 = Release|ARM
		{6B61A43D-5CE1-4B11-91AD-90C958C15758}.Release|Win32.ActiveCfg = Release|x86
		{6B61A43D-5CE1-4B11-91AD-90C958C15758}.Release|Win32.Build.0 = Release|x86
		{52AA6CA6-9A97-4085-B05D-6F92B384179F}.Debug|ARM.ActiveCfg = Debug|ARM
		{52AA6CA6-9A97-4085-B05D-6F92B384179F}.Debug|ARM.Build.0 = Debug|ARM
		{52AA6CA6-9A97-4085-B05D-6F92B384179F}.Debug|ARM.Deploy.0 = Debug|ARM
		{52AA6CA6-9A97-4085-B05D-6F92B384179F}.Debug|Win32.ActiveCfg = Debug|x86
		{52AA6CA6-9A97-4085-B05D-6F92B384179F}.Debug|Win32.Build.0 = Debug|x86
		{52AA6CA6-9A97-4085-B05D-6F92B384179F}.Debug|Win32.Deploy.0 = Debug|x86
		{52AA6CA6-9A97-4085-B05D-6F92B384179F}.Release|ARM.ActiveCfg = Release|ARM
		{52AA6CA6-9A97-4085-B05D-6F92B384179F}.Release|ARM.Build.0 = Release|ARM
		{52AA6CA6-9A97-4085-B05D-6F92B384179F}.Release|ARM.Deploy.0 = Release|ARM
		{52AA6CA6-9A97-4085-B05D-6F92B384179F}.Release|Win32.ActiveCfg = Release|x86
		{52AA6CA6-9A97-4085-B05D-6F92B384179F}.Release|Win32.Build.0 = Release|x86
		{52AA6CA6-9A97-4085-B05D-6F92B384179F}.Release|Win32.Deploy.0 = Release|x86
		{3F691A21-3CD2-40DC-92CB-37384D8D82BC}.Debug|ARM.ActiveCfg = Debug|Win32
		{3F691A21-3CD2-40DC-92CB-37384D8D82BC}.Debug|Win32.ActiveCfg = Debug|Win32
		{3F691A21-3CD2-40DC-92CB-37384D8D82BC}.Debug|Win32.Build.0 = Debug|Win32
		{3F691A21-3CD2-40DC-92CB-37384D8D82BC}.Release|ARM.ActiveCfg = Release|Win32
		{3F691A21-3CD2-40DC-92CB-37384D8D82BC}.Release|Win32.ActiveCfg = Release|Win32
		{3F691A21-3CD2-40DC-92CB-37384D8D82BC}.Release|Win32.Build.0 = Release|Win32
		{1DCD56F8-B0EE-42C5-9DAF-FA4A590020CA}.Debug|ARM.ActiveCfg = Debug|Win32
		{1DCD56F8-B0EE-42C5-9DAF-FA4A590020CA}.Debug|Win32.ActiveCfg = Debug|Win32
		{1DCD56F8-B0EE-42C5-9DAF-FA4A590020CA}.Debug|Win32.Build.0 = Debug|Win32
		{1DCD56F8-B0EE-42C5-9DAF-FA4A590020CA}.Release|ARM.ActiveCfg = Release|Win32
		{1DCD56F8-B0EE-42C5-9DAF-FA4A590020CA}.Release|Win32.ActiveCfg = Release|Win32
		{1DCD56F8-B0EE-42C5-9DAF-FA4A590020CA}.Release|Win32.Build.0 = Release|Win32
	EndGlobalSection
	GlobalSection(SolutionProperties) = preSolution
		HideSolutionNode = FALSE
	EndGlobalSection
	GlobalSection(NestedProjects) = preSolution
		{A981B743-DF98-4346-AA89-5DECB39C165D} = {361955C7-BD8C-4573-B76A-D1A0FA7EDE45}
		{99EE8E3F-250E-4082-A92E-C7BC6202FDFE} = {361955C7-BD8C-4573-B76A-D1A0FA7EDE45}
		{47CCBCAD-2A5C-4A70-8504-371F2EC29CBE} = {CF2A9E2A-2AF8-48C5-9F6C-A1BAAE4E8DAE}
		{86691FDD-E0C6-4D71-9FFD-E0F30F19AA3E} = {CF2A9E2A-2AF8-48C5-9F6C-A1BAAE4E8DAE}
		{08B9126F-88DD-42F7-9CFE-C92517317189} = {CA118403-A2F4-4B8A-828F-BF3F66737B7B}
		{9FC6663B-403B-4429-90C3-4CE12E5D0619} = {361955C7-BD8C-4573-B76A-D1A0FA7EDE45}
		{0FC559FD-6DCD-4A81-B286-688F79286AEF} = {CA118403-A2F4-4B8A-828F-BF3F66737B7B}
		{AA96579B-0F16-4614-8453-0B03C8B39A46} = {CF2A9E2A-2AF8-48C5-9F6C-A1BAAE4E8DAE}
		{F45A4F73-0EA1-4EB2-9829-154964ADEC6A} = {CF2A9E2A-2AF8-48C5-9F6C-A1BAAE4E8DAE}
		{E53950CE-D36C-4CE7-A674-92070E9DE94C} = {CF2A9E2A-2AF8-48C5-9F6C-A1BAAE4E8DAE}
		{6B61A43D-5CE1-4B11-91AD-90C958C15758} = {5D53FAEC-3136-4A56-91BA-9F6787B40AA0}
		{52AA6CA6-9A97-4085-B05D-6F92B384179F} = {5D53FAEC-3136-4A56-91BA-9F6787B40AA0}
		{3F691A21-3CD2-40DC-92CB-37384D8D82BC} = {CA118403-A2F4-4B8A-828F-BF3F66737B7B}
		{361955C7-BD8C-4573-B76A-D1A0FA7EDE45} = {B0459525-4623-432F-9010-354B63560A36}
		{1DCD56F8-B0EE-42C5-9DAF-FA4A590020CA} = {CA118403-A2F4-4B8A-828F-BF3F66737B7B}
	EndGlobalSection
EndGlobal
